Microsoft Visual Studio Solution File, Format Version 11.00
# Visual Studio 2008

Project("{113FACF4-6E68-1A1E-03E1-5E2B59F2C781}") = "TrainGame", "Assembly-CSharp.csproj", "{A74FAA44-124E-E56E-788F-5DDD746F9ADC}"
EndProject
Project("{113FACF4-6E68-1A1E-03E1-5E2B59F2C781}") = "TrainGame", "Assembly-CSharp-Editor.csproj", "{3431F169-F15A-41DC-45BC-FCB9398A821C}"
EndProject
Global
	GlobalSection(SolutionConfigurationPlatforms) = preSolution
		Debug|Any CPU = Debug|Any CPU
		Release|Any CPU = Release|Any CPU
	EndGlobalSection
	GlobalSection(ProjectConfigurationPlatforms) = postSolution
		{A74FAA44-124E-E56E-788F-5DDD746F9ADC}.Debug|Any CPU.ActiveCfg = Debug|Any CPU
		{A74FAA44-124E-E56E-788F-5DDD746F9ADC}.Debug|Any CPU.Build.0 = Debug|Any CPU
		{A74FAA44-124E-E56E-788F-5DDD746F9ADC}.Release|Any CPU.ActiveCfg = Release|Any CPU
		{A74FAA44-124E-E56E-788F-5DDD746F9ADC}.Release|Any CPU.Build.0 = Release|Any CPU
		{3431F169-F15A-41DC-45BC-FCB9398A821C}.Debug|Any CPU.ActiveCfg = Debug|Any CPU
		{3431F169-F15A-41DC-45BC-FCB9398A821C}.Debug|Any CPU.Build.0 = Debug|Any CPU
		{3431F169-F15A-41DC-45BC-FCB9398A821C}.Release|Any CPU.ActiveCfg = Release|Any CPU
		{3431F169-F15A-41DC-45BC-FCB9398A821C}.Release|Any CPU.Build.0 = Release|Any CPU
	EndGlobalSection
	GlobalSection(SolutionProperties) = preSolution
		HideSolutionNode = FALSE
	EndGlobalSection
	GlobalSection(MonoDevelopProperties) = preSolution
		StartupItem = Assembly-CSharp.csproj
	EndGlobalSection
EndGlobal
