// !$*UTF8*$!
{
	archiveVersion = 1;
	classes = {
	};
	objectVersion = 46;
	objects = {

/* Begin PBXBuildFile section */
		1BA14E61BFBE7D2B1AD88962 /* res in Resources */ = {isa = PBXBuildFile; fileRef = 01F741B993AED8B544209AD5 /* res */; };
		1D60589F0D05DD5A006BFB54 /* Foundation.framework in Frameworks */ = {isa = PBXBuildFile; fileRef = 1D30AB110D05D00D00671497 /* Foundation.framework */; };
		1DF5F4E00D08C38300B7A737 /* UIKit.framework in Frameworks */ = {isa = PBXBuildFile; fileRef = 1DF5F4DF0D08C38300B7A737 /* UIKit.framework */; };
		288765A50DF7441C002DB57D /* CoreGraphics.framework in Frameworks */ = {isa = PBXBuildFile; fileRef = 288765A40DF7441C002DB57D /* CoreGraphics.framework */; };
		2D8E4310A2E154128CD9AB6F /* libcocos2d Mac.a in Frameworks */ = {isa = PBXBuildFile; fileRef = 51554DA9A2FA70F46AF9E679 /* libcocos2d Mac.a */; };
		46880B8819C43A87006E1F66 /* AppDelegate.cpp in Sources */ = {isa = PBXBuildFile; fileRef = 46880B8419C43A87006E1F66 /* AppDelegate.cpp */; };
		46880B8919C43A87006E1F66 /* AppDelegate.cpp in Sources */ = {isa = PBXBuildFile; fileRef = 46880B8419C43A87006E1F66 /* AppDelegate.cpp */; };
		503AE0F817EB97AB00D1A890 /* Icon.icns in Resources */ = {isa = PBXBuildFile; fileRef = 503AE0F617EB97AB00D1A890 /* Icon.icns */; };
		503AE10017EB989F00D1A890 /* AppController.mm in Sources */ = {isa = PBXBuildFile; fileRef = 503AE0FB17EB989F00D1A890 /* AppController.mm */; };
		503AE10117EB989F00D1A890 /* main.m in Sources */ = {isa = PBXBuildFile; fileRef = 503AE0FC17EB989F00D1A890 /* main.m */; };
		503AE10217EB989F00D1A890 /* RootViewController.mm in Sources */ = {isa = PBXBuildFile; fileRef = 503AE0FF17EB989F00D1A890 /* RootViewController.mm */; };
		503AE10517EB98FF00D1A890 /* main.cpp in Sources */ = {isa = PBXBuildFile; fileRef = 503AE10317EB98FF00D1A890 /* main.cpp */; };
		503AE11B17EB9C5A00D1A890 /* IOKit.framework in Frameworks */ = {isa = PBXBuildFile; fileRef = 503AE11A17EB9C5A00D1A890 /* IOKit.framework */; };
		5087E76317EB910900C73F5D /* Foundation.framework in Frameworks */ = {isa = PBXBuildFile; fileRef = 1D30AB110D05D00D00671497 /* Foundation.framework */; };
		5087E76717EB910900C73F5D /* libz.dylib in Frameworks */ = {isa = PBXBuildFile; fileRef = BF170DB412928DE900B8313A /* libz.dylib */; };
		5087E76817EB910900C73F5D /* QuartzCore.framework in Frameworks */ = {isa = PBXBuildFile; fileRef = BF1C47EA1293683800B63C5D /* QuartzCore.framework */; };
		5087E76917EB910900C73F5D /* OpenAL.framework in Frameworks */ = {isa = PBXBuildFile; fileRef = D44C620B132DFF330009C878 /* OpenAL.framework */; };
		5087E76A17EB910900C73F5D /* AVFoundation.framework in Frameworks */ = {isa = PBXBuildFile; fileRef = D44C620D132DFF430009C878 /* AVFoundation.framework */; };
		5087E76B17EB910900C73F5D /* AudioToolbox.framework in Frameworks */ = {isa = PBXBuildFile; fileRef = D44C620F132DFF4E0009C878 /* AudioToolbox.framework */; };
		5087E77D17EB970100C73F5D /* Default-568h@2x.png in Resources */ = {isa = PBXBuildFile; fileRef = 5087E77217EB970100C73F5D /* Default-568h@2x.png */; };
		5087E77E17EB970100C73F5D /* Default.png in Resources */ = {isa = PBXBuildFile; fileRef = 5087E77317EB970100C73F5D /* Default.png */; };
		5087E77F17EB970100C73F5D /* Default@2x.png in Resources */ = {isa = PBXBuildFile; fileRef = 5087E77417EB970100C73F5D /* Default@2x.png */; };
		5087E78017EB970100C73F5D /* Icon-114.png in Resources */ = {isa = PBXBuildFile; fileRef = 5087E77517EB970100C73F5D /* Icon-114.png */; };
		5087E78117EB970100C73F5D /* Icon-120.png in Resources */ = {isa = PBXBuildFile; fileRef = 5087E77617EB970100C73F5D /* Icon-120.png */; };
		5087E78217EB970100C73F5D /* Icon-144.png in Resources */ = {isa = PBXBuildFile; fileRef = 5087E77717EB970100C73F5D /* Icon-144.png */; };
		5087E78317EB970100C73F5D /* Icon-152.png in Resources */ = {isa = PBXBuildFile; fileRef = 5087E77817EB970100C73F5D /* Icon-152.png */; };
		5087E78417EB970100C73F5D /* Icon-57.png in Resources */ = {isa = PBXBuildFile; fileRef = 5087E77917EB970100C73F5D /* Icon-57.png */; };
		5087E78517EB970100C73F5D /* Icon-72.png in Resources */ = {isa = PBXBuildFile; fileRef = 5087E77A17EB970100C73F5D /* Icon-72.png */; };
		5087E78617EB970100C73F5D /* Icon-76.png in Resources */ = {isa = PBXBuildFile; fileRef = 5087E77B17EB970100C73F5D /* Icon-76.png */; };
		5087E78917EB974C00C73F5D /* AppKit.framework in Frameworks */ = {isa = PBXBuildFile; fileRef = 5087E78817EB974C00C73F5D /* AppKit.framework */; };
		5087E78B17EB975400C73F5D /* OpenGL.framework in Frameworks */ = {isa = PBXBuildFile; fileRef = 5087E78A17EB975400C73F5D /* OpenGL.framework */; };
		50EF629617ECD46A001EB2F8 /* Icon-40.png in Resources */ = {isa = PBXBuildFile; fileRef = 50EF629217ECD46A001EB2F8 /* Icon-40.png */; };
		50EF629717ECD46A001EB2F8 /* Icon-58.png in Resources */ = {isa = PBXBuildFile; fileRef = 50EF629317ECD46A001EB2F8 /* Icon-58.png */; };
		50EF629817ECD46A001EB2F8 /* Icon-80.png in Resources */ = {isa = PBXBuildFile; fileRef = 50EF629417ECD46A001EB2F8 /* Icon-80.png */; };
		50EF629917ECD46A001EB2F8 /* Icon-100.png in Resources */ = {isa = PBXBuildFile; fileRef = 50EF629517ECD46A001EB2F8 /* Icon-100.png */; };
		50EF62A217ECD613001EB2F8 /* Icon-29.png in Resources */ = {isa = PBXBuildFile; fileRef = 50EF62A017ECD613001EB2F8 /* Icon-29.png */; };
		50EF62A317ECD613001EB2F8 /* Icon-50.png in Resources */ = {isa = PBXBuildFile; fileRef = 50EF62A117ECD613001EB2F8 /* Icon-50.png */; };
		521A8E6419F0C34300D177D7 /* Default-667h@2x.png in Resources */ = {isa = PBXBuildFile; fileRef = 521A8E6219F0C34300D177D7 /* Default-667h@2x.png */; };
		521A8E6519F0C34300D177D7 /* Default-736h@3x.png in Resources */ = {isa = PBXBuildFile; fileRef = 521A8E6319F0C34300D177D7 /* Default-736h@3x.png */; };
		52B47A471A53D09C004E4C60 /* Security.framework in Frameworks */ = {isa = PBXBuildFile; fileRef = 52B47A461A53D09B004E4C60 /* Security.framework */; };
		67264650BD08F5A9E8B7ED1D /* libcocos2d iOS.a in Frameworks */ = {isa = PBXBuildFile; fileRef = 5D65417CAF89D7ADE4119FEC /* libcocos2d iOS.a */; };
		6CC743B7AEC6C4A1F5FEC304 /* res in Resources */ = {isa = PBXBuildFile; fileRef = 01F741B993AED8B544209AD5 /* res */; };
		8262943E1AAF051F00CB7CF7 /* Security.framework in Frameworks */ = {isa = PBXBuildFile; fileRef = 8262943D1AAF051F00CB7CF7 /* Security.framework */; };
		830668D61C834DF300FF05D8 /* MainGame.mm in Sources */ = {isa = PBXBuildFile; fileRef = 830668D01C834DF300FF05D8 /* MainGame.mm */; };
		830668D71C834DF300FF05D8 /* MainScreen.cpp in Sources */ = {isa = PBXBuildFile; fileRef = 830668D21C834DF300FF05D8 /* MainScreen.cpp */; };
		830668D81C834DF300FF05D8 /* MenuScreen.mm in Sources */ = {isa = PBXBuildFile; fileRef = 830668D41C834DF300FF05D8 /* MenuScreen.mm */; };
		830668DF1C834DFD00FF05D8 /* Card.cpp in Sources */ = {isa = PBXBuildFile; fileRef = 830668D91C834DFD00FF05D8 /* Card.cpp */; };
		830668E01C834DFD00FF05D8 /* Dealer.cpp in Sources */ = {isa = PBXBuildFile; fileRef = 830668DB1C834DFD00FF05D8 /* Dealer.cpp */; };
		830668E11C834DFD00FF05D8 /* Player.cpp in Sources */ = {isa = PBXBuildFile; fileRef = 830668DE1C834DFD00FF05D8 /* Player.cpp */; };
		830668E41C834E0600FF05D8 /* GameConstants.cpp in Sources */ = {isa = PBXBuildFile; fileRef = 830668E21C834E0600FF05D8 /* GameConstants.cpp */; };
		830668E71C834E1000FF05D8 /* ExtSprite.cpp in Sources */ = {isa = PBXBuildFile; fileRef = 830668E51C834E1000FF05D8 /* ExtSprite.cpp */; };
		831BE38C1C8878C70089241E /* Bridge.mm in Sources */ = {isa = PBXBuildFile; fileRef = 831BE38B1C8878C70089241E /* Bridge.mm */; };
		8327F6931C9890A400A6BD9B /* OnReceiveCardsData.mm in Sources */ = {isa = PBXBuildFile; fileRef = 8327F6921C9890A400A6BD9B /* OnReceiveCardsData.mm */; };
		834E870B1C93FBFF00B508BB /* OnReceiveNetworkData.mm in Sources */ = {isa = PBXBuildFile; fileRef = 834E87081C93FBFF00B508BB /* OnReceiveNetworkData.mm */; };
		834E870C1C93FBFF00B508BB /* ProcessData.mm in Sources */ = {isa = PBXBuildFile; fileRef = 834E87091C93FBFF00B508BB /* ProcessData.mm */; };
		834E870E1C93FC1400B508BB /* DispatchHostId.mm in Sources */ = {isa = PBXBuildFile; fileRef = 834E870D1C93FC1400B508BB /* DispatchHostId.mm */; };
		834E87101C93FC2C00B508BB /* DispatchCardsData.mm in Sources */ = {isa = PBXBuildFile; fileRef = 834E870F1C93FC2C00B508BB /* DispatchCardsData.mm */; };
		834E87121C93FD9700B508BB /* OnHostSelected.mm in Sources */ = {isa = PBXBuildFile; fileRef = 834E87111C93FD9700B508BB /* OnHostSelected.mm */; };
		834E87141C93FDD600B508BB /* OnAPISuccess.mm in Sources */ = {isa = PBXBuildFile; fileRef = 834E87131C93FDD600B508BB /* OnAPISuccess.mm */; };
		834E87161C94038E00B508BB /* OnRoundComplete.mm in Sources */ = {isa = PBXBuildFile; fileRef = 834E87151C94038E00B508BB /* OnRoundComplete.mm */; };
		834E87181C9406C500B508BB /* OnRoundResult.mm in Sources */ = {isa = PBXBuildFile; fileRef = 834E87171C9406C500B508BB /* OnRoundResult.mm */; };
		834E871A1C9422BB00B508BB /* DispatchNextRound.mm in Sources */ = {isa = PBXBuildFile; fileRef = 834E87191C9422BB00B508BB /* DispatchNextRound.mm */; };
		834E871C1C946BB300B508BB /* DispatchRoundComplete.mm in Sources */ = {isa = PBXBuildFile; fileRef = 834E871B1C946BB300B508BB /* DispatchRoundComplete.mm */; };
		836333D61C9B34730033D54F /* OnStartRound.mm in Sources */ = {isa = PBXBuildFile; fileRef = 836333D51C9B34730033D54F /* OnStartRound.mm */; };
		838CC6D61C8C7285001D20AD /* NetworkConstants.cpp in Sources */ = {isa = PBXBuildFile; fileRef = 838CC6D51C8C7285001D20AD /* NetworkConstants.cpp */; };
		838CFD0F1C8DBE750054EAD0 /* Utility.cpp in Sources */ = {isa = PBXBuildFile; fileRef = 838CFD0D1C8DBE750054EAD0 /* Utility.cpp */; };
		838CFD121C8DBF180054EAD0 /* RoundHandler.cpp in Sources */ = {isa = PBXBuildFile; fileRef = 838CFD101C8DBF180054EAD0 /* RoundHandler.cpp */; };
		83A52D821C8E05B40097FA24 /* APIHandler.mm in Sources */ = {isa = PBXBuildFile; fileRef = 83A52D801C8E05B40097FA24 /* APIHandler.mm */; };
		83A52D851C8E06040097FA24 /* API.mm in Sources */ = {isa = PBXBuildFile; fileRef = 83A52D831C8E06040097FA24 /* API.mm */; };
		83C9BC8A1C85D92A00E4AFC7 /* CardConfig.cpp in Sources */ = {isa = PBXBuildFile; fileRef = 83C9BC881C85D92A00E4AFC7 /* CardConfig.cpp */; };
		83C9BC8D1C85F37F00E4AFC7 /* ExtLayer.mm in Sources */ = {isa = PBXBuildFile; fileRef = 83C9BC8B1C85F37F00E4AFC7 /* ExtLayer.mm */; };
		83C9BC911C85FC0400E4AFC7 /* CardSelectionHandler.cpp in Sources */ = {isa = PBXBuildFile; fileRef = 83C9BC8F1C85FC0400E4AFC7 /* CardSelectionHandler.cpp */; };
		83D6C3031C9E5105006E46F6 /* Default-Landscape~ipad.png in Resources */ = {isa = PBXBuildFile; fileRef = 83D6C3001C9E5105006E46F6 /* Default-Landscape~ipad.png */; };
		83D6C3041C9E5105006E46F6 /* Icon-87.png in Resources */ = {isa = PBXBuildFile; fileRef = 83D6C3011C9E5105006E46F6 /* Icon-87.png */; };
		83D6C3051C9E5105006E46F6 /* Icon-180.png in Resources */ = {isa = PBXBuildFile; fileRef = 83D6C3021C9E5105006E46F6 /* Icon-180.png */; };
		83D92EE61C89C2880044EE19 /* NetworkEvent.cpp in Sources */ = {isa = PBXBuildFile; fileRef = 83D92EE41C89C2880044EE19 /* NetworkEvent.cpp */; };
		83E1C0671C8AD85E00EE13DE /* Network.cpp in Sources */ = {isa = PBXBuildFile; fileRef = 83E1C0661C8AD85E00EE13DE /* Network.cpp */; };
		83E48B111C78CE1C005D13EE /* GameKit.framework in Frameworks */ = {isa = PBXBuildFile; fileRef = 83E48B101C78CE1C005D13EE /* GameKit.framework */; };
		83E48B1B1C78DB9F005D13EE /* GameKitHelper.m in Sources */ = {isa = PBXBuildFile; fileRef = 83E48B1A1C78DB9F005D13EE /* GameKitHelper.m */; };
		83F167B41C9EA6E700F3DC43 /* ReelHandler.cpp in Sources */ = {isa = PBXBuildFile; fileRef = 83F167B21C9EA6E700F3DC43 /* ReelHandler.cpp */; };
		BF171245129291EC00B8313A /* OpenGLES.framework in Frameworks */ = {isa = PBXBuildFile; fileRef = BF170DB012928DE900B8313A /* OpenGLES.framework */; };
		BF1712471292920000B8313A /* libz.dylib in Frameworks */ = {isa = PBXBuildFile; fileRef = BF170DB412928DE900B8313A /* libz.dylib */; };
		BF1C47F01293687400B63C5D /* QuartzCore.framework in Frameworks */ = {isa = PBXBuildFile; fileRef = BF1C47EA1293683800B63C5D /* QuartzCore.framework */; };
		D44C620C132DFF330009C878 /* OpenAL.framework in Frameworks */ = {isa = PBXBuildFile; fileRef = D44C620B132DFF330009C878 /* OpenAL.framework */; };
		D44C620E132DFF430009C878 /* AVFoundation.framework in Frameworks */ = {isa = PBXBuildFile; fileRef = D44C620D132DFF430009C878 /* AVFoundation.framework */; };
		D44C6210132DFF4E0009C878 /* AudioToolbox.framework in Frameworks */ = {isa = PBXBuildFile; fileRef = D44C620F132DFF4E0009C878 /* AudioToolbox.framework */; };
		D6B0611B1803AB670077942B /* CoreMotion.framework in Frameworks */ = {isa = PBXBuildFile; fileRef = D6B0611A1803AB670077942B /* CoreMotion.framework */; };
		ED545A7C1B68A1F400C3958E /* libiconv.dylib in Frameworks */ = {isa = PBXBuildFile; fileRef = ED545A7B1B68A1F400C3958E /* libiconv.dylib */; };
		ED545A7E1B68A1FA00C3958E /* libiconv.dylib in Frameworks */ = {isa = PBXBuildFile; fileRef = ED545A7D1B68A1FA00C3958E /* libiconv.dylib */; };
/* End PBXBuildFile section */

/* Begin PBXFileReference section */
		01F741B993AED8B544209AD5 /* res */ = {isa = PBXFileReference; lastKnownFileType = "?"; name = res; path = ../Resources/res; sourceTree = "<group>"; };
		1ACB3243164770DE00914215 /* libcurl.a */ = {isa = PBXFileReference; lastKnownFileType = archive.ar; name = libcurl.a; path = ../../cocos2dx/platform/third_party/ios/libraries/libcurl.a; sourceTree = "<group>"; };
		1D30AB110D05D00D00671497 /* Foundation.framework */ = {isa = PBXFileReference; lastKnownFileType = wrapper.framework; name = Foundation.framework; path = System/Library/Frameworks/Foundation.framework; sourceTree = SDKROOT; };
		1D6058910D05DD3D006BFB54 /* CardGame-mobile.app */ = {isa = PBXFileReference; explicitFileType = wrapper.application; includeInIndex = 0; path = "CardGame-mobile.app"; sourceTree = BUILT_PRODUCTS_DIR; };
		1DF5F4DF0D08C38300B7A737 /* UIKit.framework */ = {isa = PBXFileReference; lastKnownFileType = wrapper.framework; name = UIKit.framework; path = System/Library/Frameworks/UIKit.framework; sourceTree = SDKROOT; };
		288765A40DF7441C002DB57D /* CoreGraphics.framework */ = {isa = PBXFileReference; lastKnownFileType = wrapper.framework; name = CoreGraphics.framework; path = System/Library/Frameworks/CoreGraphics.framework; sourceTree = SDKROOT; };
		46880B8419C43A87006E1F66 /* AppDelegate.cpp */ = {isa = PBXFileReference; fileEncoding = 4; lastKnownFileType = sourcecode.cpp.cpp; path = AppDelegate.cpp; sourceTree = "<group>"; };
		46880B8519C43A87006E1F66 /* AppDelegate.h */ = {isa = PBXFileReference; fileEncoding = 4; lastKnownFileType = sourcecode.c.h; path = AppDelegate.h; sourceTree = "<group>"; };
		503AE0F617EB97AB00D1A890 /* Icon.icns */ = {isa = PBXFileReference; lastKnownFileType = image.icns; path = Icon.icns; sourceTree = "<group>"; };
		503AE0F717EB97AB00D1A890 /* Info.plist */ = {isa = PBXFileReference; fileEncoding = 4; lastKnownFileType = text.plist.xml; path = Info.plist; sourceTree = "<group>"; };
		503AE0FA17EB989F00D1A890 /* AppController.h */ = {isa = PBXFileReference; fileEncoding = 4; lastKnownFileType = sourcecode.c.h; name = AppController.h; path = ios/AppController.h; sourceTree = SOURCE_ROOT; };
		503AE0FB17EB989F00D1A890 /* AppController.mm */ = {isa = PBXFileReference; fileEncoding = 4; lastKnownFileType = sourcecode.cpp.objcpp; name = AppController.mm; path = ios/AppController.mm; sourceTree = SOURCE_ROOT; };
		503AE0FC17EB989F00D1A890 /* main.m */ = {isa = PBXFileReference; fileEncoding = 4; lastKnownFileType = sourcecode.c.objc; name = main.m; path = ios/main.m; sourceTree = SOURCE_ROOT; };
		503AE0FD17EB989F00D1A890 /* Prefix.pch */ = {isa = PBXFileReference; fileEncoding = 4; lastKnownFileType = sourcecode.c.h; name = Prefix.pch; path = ios/Prefix.pch; sourceTree = SOURCE_ROOT; };
		503AE0FE17EB989F00D1A890 /* RootViewController.h */ = {isa = PBXFileReference; fileEncoding = 4; lastKnownFileType = sourcecode.c.h; name = RootViewController.h; path = ios/RootViewController.h; sourceTree = SOURCE_ROOT; };
		503AE0FF17EB989F00D1A890 /* RootViewController.mm */ = {isa = PBXFileReference; fileEncoding = 4; lastKnownFileType = sourcecode.cpp.objcpp; name = RootViewController.mm; path = ios/RootViewController.mm; sourceTree = SOURCE_ROOT; };
		503AE10317EB98FF00D1A890 /* main.cpp */ = {isa = PBXFileReference; fileEncoding = 4; lastKnownFileType = sourcecode.cpp.cpp; name = main.cpp; path = mac/main.cpp; sourceTree = "<group>"; };
		503AE10417EB98FF00D1A890 /* Prefix.pch */ = {isa = PBXFileReference; fileEncoding = 4; lastKnownFileType = sourcecode.c.h; name = Prefix.pch; path = mac/Prefix.pch; sourceTree = "<group>"; };
		503AE11117EB99EE00D1A890 /* libcurl.dylib */ = {isa = PBXFileReference; lastKnownFileType = "compiled.mach-o.dylib"; name = libcurl.dylib; path = usr/lib/libcurl.dylib; sourceTree = SDKROOT; };
		503AE11A17EB9C5A00D1A890 /* IOKit.framework */ = {isa = PBXFileReference; lastKnownFileType = wrapper.framework; name = IOKit.framework; path = System/Library/Frameworks/IOKit.framework; sourceTree = SDKROOT; };
		5087E76F17EB910900C73F5D /* CardGame-desktop.app */ = {isa = PBXFileReference; explicitFileType = wrapper.application; includeInIndex = 0; path = "CardGame-desktop.app"; sourceTree = BUILT_PRODUCTS_DIR; };
		5087E77217EB970100C73F5D /* Default-568h@2x.png */ = {isa = PBXFileReference; lastKnownFileType = image.png; path = "Default-568h@2x.png"; sourceTree = "<group>"; };
		5087E77317EB970100C73F5D /* Default.png */ = {isa = PBXFileReference; lastKnownFileType = image.png; path = Default.png; sourceTree = "<group>"; };
		5087E77417EB970100C73F5D /* Default@2x.png */ = {isa = PBXFileReference; lastKnownFileType = image.png; path = "Default@2x.png"; sourceTree = "<group>"; };
		5087E77517EB970100C73F5D /* Icon-114.png */ = {isa = PBXFileReference; lastKnownFileType = image.png; path = "Icon-114.png"; sourceTree = "<group>"; };
		5087E77617EB970100C73F5D /* Icon-120.png */ = {isa = PBXFileReference; lastKnownFileType = image.png; path = "Icon-120.png"; sourceTree = "<group>"; };
		5087E77717EB970100C73F5D /* Icon-144.png */ = {isa = PBXFileReference; lastKnownFileType = image.png; path = "Icon-144.png"; sourceTree = "<group>"; };
		5087E77817EB970100C73F5D /* Icon-152.png */ = {isa = PBXFileReference; lastKnownFileType = image.png; path = "Icon-152.png"; sourceTree = "<group>"; };
		5087E77917EB970100C73F5D /* Icon-57.png */ = {isa = PBXFileReference; lastKnownFileType = image.png; path = "Icon-57.png"; sourceTree = "<group>"; };
		5087E77A17EB970100C73F5D /* Icon-72.png */ = {isa = PBXFileReference; lastKnownFileType = image.png; path = "Icon-72.png"; sourceTree = "<group>"; };
		5087E77B17EB970100C73F5D /* Icon-76.png */ = {isa = PBXFileReference; lastKnownFileType = image.png; path = "Icon-76.png"; sourceTree = "<group>"; };
		5087E77C17EB970100C73F5D /* Info.plist */ = {isa = PBXFileReference; fileEncoding = 4; lastKnownFileType = text.plist.xml; path = Info.plist; sourceTree = "<group>"; };
		5087E78817EB974C00C73F5D /* AppKit.framework */ = {isa = PBXFileReference; lastKnownFileType = wrapper.framework; name = AppKit.framework; path = System/Library/Frameworks/AppKit.framework; sourceTree = SDKROOT; };
		5087E78A17EB975400C73F5D /* OpenGL.framework */ = {isa = PBXFileReference; lastKnownFileType = wrapper.framework; name = OpenGL.framework; path = System/Library/Frameworks/OpenGL.framework; sourceTree = SDKROOT; };
		50EF629217ECD46A001EB2F8 /* Icon-40.png */ = {isa = PBXFileReference; lastKnownFileType = image.png; path = "Icon-40.png"; sourceTree = "<group>"; };
		50EF629317ECD46A001EB2F8 /* Icon-58.png */ = {isa = PBXFileReference; lastKnownFileType = image.png; path = "Icon-58.png"; sourceTree = "<group>"; };
		50EF629417ECD46A001EB2F8 /* Icon-80.png */ = {isa = PBXFileReference; lastKnownFileType = image.png; path = "Icon-80.png"; sourceTree = "<group>"; };
		50EF629517ECD46A001EB2F8 /* Icon-100.png */ = {isa = PBXFileReference; lastKnownFileType = image.png; path = "Icon-100.png"; sourceTree = "<group>"; };
		50EF62A017ECD613001EB2F8 /* Icon-29.png */ = {isa = PBXFileReference; lastKnownFileType = image.png; path = "Icon-29.png"; sourceTree = "<group>"; };
		50EF62A117ECD613001EB2F8 /* Icon-50.png */ = {isa = PBXFileReference; lastKnownFileType = image.png; path = "Icon-50.png"; sourceTree = "<group>"; };
		51554DA9A2FA70F46AF9E679 /* libcocos2d Mac.a */ = {isa = PBXFileReference; lastKnownFileType = archive.ar; name = "libcocos2d Mac.a"; path = "/Applications/Cocos/Cocos2d-x/cocos2d-x-3.10/prebuilt/mac/libcocos2d Mac.a"; sourceTree = "<absolute>"; };
		521A8E6219F0C34300D177D7 /* Default-667h@2x.png */ = {isa = PBXFileReference; lastKnownFileType = image.png; path = "Default-667h@2x.png"; sourceTree = "<group>"; };
		521A8E6319F0C34300D177D7 /* Default-736h@3x.png */ = {isa = PBXFileReference; lastKnownFileType = image.png; path = "Default-736h@3x.png"; sourceTree = "<group>"; };
		52B47A461A53D09B004E4C60 /* Security.framework */ = {isa = PBXFileReference; lastKnownFileType = wrapper.framework; name = Security.framework; path = Platforms/iPhoneOS.platform/Developer/SDKs/iPhoneOS8.1.sdk/System/Library/Frameworks/Security.framework; sourceTree = DEVELOPER_DIR; };
		5D65417CAF89D7ADE4119FEC /* libcocos2d iOS.a */ = {isa = PBXFileReference; lastKnownFileType = archive.ar; name = "libcocos2d iOS.a"; path = "/Applications/Cocos/Cocos2d-x/cocos2d-x-3.10/prebuilt/ios/libcocos2d iOS.a"; sourceTree = "<absolute>"; };
		8262943D1AAF051F00CB7CF7 /* Security.framework */ = {isa = PBXFileReference; lastKnownFileType = wrapper.framework; name = Security.framework; path = System/Library/Frameworks/Security.framework; sourceTree = SDKROOT; };
		830668D01C834DF300FF05D8 /* MainGame.mm */ = {isa = PBXFileReference; fileEncoding = 4; lastKnownFileType = sourcecode.cpp.objcpp; name = MainGame.mm; path = Scenes/MainGame.mm; sourceTree = "<group>"; };
		830668D11C834DF300FF05D8 /* MainGame.h */ = {isa = PBXFileReference; fileEncoding = 4; lastKnownFileType = sourcecode.c.h; name = MainGame.h; path = Scenes/MainGame.h; sourceTree = "<group>"; };
		830668D21C834DF300FF05D8 /* MainScreen.cpp */ = {isa = PBXFileReference; fileEncoding = 4; lastKnownFileType = sourcecode.cpp.cpp; name = MainScreen.cpp; path = Scenes/MainScreen.cpp; sourceTree = "<group>"; };
		830668D31C834DF300FF05D8 /* MainScreen.h */ = {isa = PBXFileReference; fileEncoding = 4; lastKnownFileType = sourcecode.c.h; name = MainScreen.h; path = Scenes/MainScreen.h; sourceTree = "<group>"; };
		830668D41C834DF300FF05D8 /* MenuScreen.mm */ = {isa = PBXFileReference; fileEncoding = 4; lastKnownFileType = sourcecode.cpp.objcpp; name = MenuScreen.mm; path = Scenes/MenuScreen.mm; sourceTree = "<group>"; };
		830668D51C834DF300FF05D8 /* MenuScreen.h */ = {isa = PBXFileReference; fileEncoding = 4; lastKnownFileType = sourcecode.c.h; name = MenuScreen.h; path = Scenes/MenuScreen.h; sourceTree = "<group>"; };
		830668D91C834DFD00FF05D8 /* Card.cpp */ = {isa = PBXFileReference; fileEncoding = 4; lastKnownFileType = sourcecode.cpp.cpp; name = Card.cpp; path = GameElements/Card.cpp; sourceTree = "<group>"; };
		830668DA1C834DFD00FF05D8 /* Card.h */ = {isa = PBXFileReference; fileEncoding = 4; lastKnownFileType = sourcecode.c.h; name = Card.h; path = GameElements/Card.h; sourceTree = "<group>"; };
		830668DB1C834DFD00FF05D8 /* Dealer.cpp */ = {isa = PBXFileReference; fileEncoding = 4; lastKnownFileType = sourcecode.cpp.cpp; name = Dealer.cpp; path = GameElements/Dealer.cpp; sourceTree = "<group>"; };
		830668DC1C834DFD00FF05D8 /* Dealer.h */ = {isa = PBXFileReference; fileEncoding = 4; lastKnownFileType = sourcecode.c.h; name = Dealer.h; path = GameElements/Dealer.h; sourceTree = "<group>"; };
		830668DD1C834DFD00FF05D8 /* Player.h */ = {isa = PBXFileReference; fileEncoding = 4; lastKnownFileType = sourcecode.c.h; name = Player.h; path = GameElements/Player.h; sourceTree = "<group>"; };
		830668DE1C834DFD00FF05D8 /* Player.cpp */ = {isa = PBXFileReference; fileEncoding = 4; lastKnownFileType = sourcecode.cpp.cpp; name = Player.cpp; path = GameElements/Player.cpp; sourceTree = "<group>"; };
		830668E21C834E0600FF05D8 /* GameConstants.cpp */ = {isa = PBXFileReference; fileEncoding = 4; lastKnownFileType = sourcecode.cpp.cpp; name = GameConstants.cpp; path = Constants/GameConstants.cpp; sourceTree = "<group>"; };
		830668E31C834E0600FF05D8 /* GameConstants.h */ = {isa = PBXFileReference; fileEncoding = 4; lastKnownFileType = sourcecode.c.h; name = GameConstants.h; path = Constants/GameConstants.h; sourceTree = "<group>"; };
		830668E51C834E1000FF05D8 /* ExtSprite.cpp */ = {isa = PBXFileReference; fileEncoding = 4; lastKnownFileType = sourcecode.cpp.cpp; name = ExtSprite.cpp; path = Ext/ExtSprite.cpp; sourceTree = "<group>"; };
		830668E61C834E1000FF05D8 /* ExtSprite.h */ = {isa = PBXFileReference; fileEncoding = 4; lastKnownFileType = sourcecode.c.h; name = ExtSprite.h; path = Ext/ExtSprite.h; sourceTree = "<group>"; };
		831BE38B1C8878C70089241E /* Bridge.mm */ = {isa = PBXFileReference; fileEncoding = 4; lastKnownFileType = sourcecode.cpp.objcpp; name = Bridge.mm; path = ios/Bridge.mm; sourceTree = SOURCE_ROOT; };
		831BE38E1C88B7D40089241E /* NetworkConstants.h */ = {isa = PBXFileReference; fileEncoding = 4; lastKnownFileType = sourcecode.c.h; name = NetworkConstants.h; path = Network/NetworkConstants.h; sourceTree = "<group>"; };
		8327F6921C9890A400A6BD9B /* OnReceiveCardsData.mm */ = {isa = PBXFileReference; fileEncoding = 4; lastKnownFileType = sourcecode.cpp.objcpp; name = OnReceiveCardsData.mm; path = MainGameSegments/OnReceiveCardsData.mm; sourceTree = "<group>"; };
		834E87081C93FBFF00B508BB /* OnReceiveNetworkData.mm */ = {isa = PBXFileReference; fileEncoding = 4; lastKnownFileType = sourcecode.cpp.objcpp; name = OnReceiveNetworkData.mm; path = MainGameSegments/OnReceiveNetworkData.mm; sourceTree = "<group>"; };
		834E87091C93FBFF00B508BB /* ProcessData.mm */ = {isa = PBXFileReference; fileEncoding = 4; lastKnownFileType = sourcecode.cpp.objcpp; name = ProcessData.mm; path = MainGameSegments/ProcessData.mm; sourceTree = "<group>"; };
		834E870D1C93FC1400B508BB /* DispatchHostId.mm */ = {isa = PBXFileReference; fileEncoding = 4; lastKnownFileType = sourcecode.cpp.objcpp; name = DispatchHostId.mm; path = MainGameSegments/DispatchHostId.mm; sourceTree = "<group>"; };
		834E870F1C93FC2C00B508BB /* DispatchCardsData.mm */ = {isa = PBXFileReference; fileEncoding = 4; lastKnownFileType = sourcecode.cpp.objcpp; name = DispatchCardsData.mm; path = MainGameSegments/DispatchCardsData.mm; sourceTree = "<group>"; };
		834E87111C93FD9700B508BB /* OnHostSelected.mm */ = {isa = PBXFileReference; fileEncoding = 4; lastKnownFileType = sourcecode.cpp.objcpp; name = OnHostSelected.mm; path = MainGameSegments/OnHostSelected.mm; sourceTree = "<group>"; };
		834E87131C93FDD600B508BB /* OnAPISuccess.mm */ = {isa = PBXFileReference; fileEncoding = 4; lastKnownFileType = sourcecode.cpp.objcpp; name = OnAPISuccess.mm; path = MainGameSegments/OnAPISuccess.mm; sourceTree = "<group>"; };
		834E87151C94038E00B508BB /* OnRoundComplete.mm */ = {isa = PBXFileReference; fileEncoding = 4; lastKnownFileType = sourcecode.cpp.objcpp; name = OnRoundComplete.mm; path = MainGameSegments/OnRoundComplete.mm; sourceTree = "<group>"; };
		834E87171C9406C500B508BB /* OnRoundResult.mm */ = {isa = PBXFileReference; fileEncoding = 4; lastKnownFileType = sourcecode.cpp.objcpp; name = OnRoundResult.mm; path = MainGameSegments/OnRoundResult.mm; sourceTree = "<group>"; };
		834E87191C9422BB00B508BB /* DispatchNextRound.mm */ = {isa = PBXFileReference; fileEncoding = 4; lastKnownFileType = sourcecode.cpp.objcpp; name = DispatchNextRound.mm; path = MainGameSegments/DispatchNextRound.mm; sourceTree = "<group>"; };
		834E871B1C946BB300B508BB /* DispatchRoundComplete.mm */ = {isa = PBXFileReference; fileEncoding = 4; lastKnownFileType = sourcecode.cpp.objcpp; name = DispatchRoundComplete.mm; path = MainGameSegments/DispatchRoundComplete.mm; sourceTree = "<group>"; };
		836333D51C9B34730033D54F /* OnStartRound.mm */ = {isa = PBXFileReference; fileEncoding = 4; lastKnownFileType = sourcecode.cpp.objcpp; name = OnStartRound.mm; path = MainGameSegments/OnStartRound.mm; sourceTree = "<group>"; };
		838CC6D51C8C7285001D20AD /* NetworkConstants.cpp */ = {isa = PBXFileReference; fileEncoding = 4; lastKnownFileType = sourcecode.cpp.cpp; name = NetworkConstants.cpp; path = Network/NetworkConstants.cpp; sourceTree = "<group>"; };
		838CFD0D1C8DBE750054EAD0 /* Utility.cpp */ = {isa = PBXFileReference; fileEncoding = 4; lastKnownFileType = sourcecode.cpp.cpp; name = Utility.cpp; path = Helper/Utility.cpp; sourceTree = "<group>"; };
		838CFD0E1C8DBE750054EAD0 /* Utility.h */ = {isa = PBXFileReference; fileEncoding = 4; lastKnownFileType = sourcecode.c.h; name = Utility.h; path = Helper/Utility.h; sourceTree = "<group>"; };
		838CFD101C8DBF180054EAD0 /* RoundHandler.cpp */ = {isa = PBXFileReference; fileEncoding = 4; lastKnownFileType = sourcecode.cpp.cpp; name = RoundHandler.cpp; path = Handlers/RoundHandler.cpp; sourceTree = "<group>"; };
		838CFD111C8DBF180054EAD0 /* RoundHandler.h */ = {isa = PBXFileReference; fileEncoding = 4; lastKnownFileType = sourcecode.c.h; name = RoundHandler.h; path = Handlers/RoundHandler.h; sourceTree = "<group>"; };
		83A52D801C8E05B40097FA24 /* APIHandler.mm */ = {isa = PBXFileReference; fileEncoding = 4; lastKnownFileType = sourcecode.cpp.objcpp; name = APIHandler.mm; path = Handlers/APIHandler.mm; sourceTree = "<group>"; };
		83A52D811C8E05B40097FA24 /* APIHandler.h */ = {isa = PBXFileReference; fileEncoding = 4; lastKnownFileType = sourcecode.c.h; name = APIHandler.h; path = Handlers/APIHandler.h; sourceTree = "<group>"; };
		83A52D831C8E06040097FA24 /* API.mm */ = {isa = PBXFileReference; fileEncoding = 4; lastKnownFileType = sourcecode.cpp.objcpp; name = API.mm; path = Network/API.mm; sourceTree = "<group>"; };
		83A52D841C8E06040097FA24 /* API.h */ = {isa = PBXFileReference; fileEncoding = 4; lastKnownFileType = sourcecode.c.h; name = API.h; path = Network/API.h; sourceTree = "<group>"; };
		83C9BC881C85D92A00E4AFC7 /* CardConfig.cpp */ = {isa = PBXFileReference; fileEncoding = 4; lastKnownFileType = sourcecode.cpp.cpp; name = CardConfig.cpp; path = Config/CardConfig.cpp; sourceTree = "<group>"; };
		83C9BC891C85D92A00E4AFC7 /* CardConfig.h */ = {isa = PBXFileReference; fileEncoding = 4; lastKnownFileType = sourcecode.c.h; name = CardConfig.h; path = Config/CardConfig.h; sourceTree = "<group>"; };
		83C9BC8B1C85F37F00E4AFC7 /* ExtLayer.mm */ = {isa = PBXFileReference; fileEncoding = 4; lastKnownFileType = sourcecode.cpp.objcpp; name = ExtLayer.mm; path = Ext/ExtLayer.mm; sourceTree = "<group>"; };
		83C9BC8C1C85F37F00E4AFC7 /* ExtLayer.h */ = {isa = PBXFileReference; fileEncoding = 4; lastKnownFileType = sourcecode.c.h; name = ExtLayer.h; path = Ext/ExtLayer.h; sourceTree = "<group>"; };
		83C9BC8F1C85FC0400E4AFC7 /* CardSelectionHandler.cpp */ = {isa = PBXFileReference; fileEncoding = 4; lastKnownFileType = sourcecode.cpp.cpp; name = CardSelectionHandler.cpp; path = Handlers/CardSelectionHandler.cpp; sourceTree = "<group>"; };
		83C9BC901C85FC0400E4AFC7 /* CardSelectionHandler.h */ = {isa = PBXFileReference; fileEncoding = 4; lastKnownFileType = sourcecode.c.h; name = CardSelectionHandler.h; path = Handlers/CardSelectionHandler.h; sourceTree = "<group>"; };
		83D6C3001C9E5105006E46F6 /* Default-Landscape~ipad.png */ = {isa = PBXFileReference; lastKnownFileType = image.png; path = "Default-Landscape~ipad.png"; sourceTree = "<group>"; };
		83D6C3011C9E5105006E46F6 /* Icon-87.png */ = {isa = PBXFileReference; lastKnownFileType = image.png; path = "Icon-87.png"; sourceTree = "<group>"; };
		83D6C3021C9E5105006E46F6 /* Icon-180.png */ = {isa = PBXFileReference; lastKnownFileType = image.png; path = "Icon-180.png"; sourceTree = "<group>"; };
		83D92EE41C89C2880044EE19 /* NetworkEvent.cpp */ = {isa = PBXFileReference; fileEncoding = 4; lastKnownFileType = sourcecode.cpp.cpp; name = NetworkEvent.cpp; path = Events/NetworkEvent.cpp; sourceTree = "<group>"; };
		83D92EE51C89C2880044EE19 /* NetworkEvent.h */ = {isa = PBXFileReference; fileEncoding = 4; lastKnownFileType = sourcecode.c.h; name = NetworkEvent.h; path = Events/NetworkEvent.h; sourceTree = "<group>"; };
		83E1C0651C8AD85E00EE13DE /* Network.h */ = {isa = PBXFileReference; fileEncoding = 4; lastKnownFileType = sourcecode.c.h; name = Network.h; path = Network/Network.h; sourceTree = "<group>"; };
		83E1C0661C8AD85E00EE13DE /* Network.cpp */ = {isa = PBXFileReference; fileEncoding = 4; lastKnownFileType = sourcecode.cpp.cpp; name = Network.cpp; path = Network/Network.cpp; sourceTree = "<group>"; };
		83E48B101C78CE1C005D13EE /* GameKit.framework */ = {isa = PBXFileReference; lastKnownFileType = wrapper.framework; name = GameKit.framework; path = Platforms/iPhoneOS.platform/Developer/SDKs/iPhoneOS9.1.sdk/System/Library/Frameworks/GameKit.framework; sourceTree = DEVELOPER_DIR; };
		83E48B191C78DB9F005D13EE /* GameKitHelper.h */ = {isa = PBXFileReference; fileEncoding = 4; lastKnownFileType = sourcecode.c.h; name = GameKitHelper.h; path = GameKitHelper/GameKitHelper.h; sourceTree = SOURCE_ROOT; };
		83E48B1A1C78DB9F005D13EE /* GameKitHelper.m */ = {isa = PBXFileReference; fileEncoding = 4; lastKnownFileType = sourcecode.c.objc; name = GameKitHelper.m; path = GameKitHelper/GameKitHelper.m; sourceTree = SOURCE_ROOT; };
		83F167B21C9EA6E700F3DC43 /* ReelHandler.cpp */ = {isa = PBXFileReference; fileEncoding = 4; lastKnownFileType = sourcecode.cpp.cpp; name = ReelHandler.cpp; path = Handlers/ReelHandler.cpp; sourceTree = "<group>"; };
		83F167B31C9EA6E700F3DC43 /* ReelHandler.h */ = {isa = PBXFileReference; fileEncoding = 4; lastKnownFileType = sourcecode.c.h; name = ReelHandler.h; path = Handlers/ReelHandler.h; sourceTree = "<group>"; };
		BF170DB012928DE900B8313A /* OpenGLES.framework */ = {isa = PBXFileReference; lastKnownFileType = wrapper.framework; name = OpenGLES.framework; path = System/Library/Frameworks/OpenGLES.framework; sourceTree = SDKROOT; };
		BF170DB412928DE900B8313A /* libz.dylib */ = {isa = PBXFileReference; lastKnownFileType = "compiled.mach-o.dylib"; name = libz.dylib; path = usr/lib/libz.dylib; sourceTree = SDKROOT; };
		BF1C47EA1293683800B63C5D /* QuartzCore.framework */ = {isa = PBXFileReference; lastKnownFileType = wrapper.framework; name = QuartzCore.framework; path = System/Library/Frameworks/QuartzCore.framework; sourceTree = SDKROOT; };
		D44C620B132DFF330009C878 /* OpenAL.framework */ = {isa = PBXFileReference; lastKnownFileType = wrapper.framework; name = OpenAL.framework; path = System/Library/Frameworks/OpenAL.framework; sourceTree = SDKROOT; };
		D44C620D132DFF430009C878 /* AVFoundation.framework */ = {isa = PBXFileReference; lastKnownFileType = wrapper.framework; name = AVFoundation.framework; path = System/Library/Frameworks/AVFoundation.framework; sourceTree = SDKROOT; };
		D44C620F132DFF4E0009C878 /* AudioToolbox.framework */ = {isa = PBXFileReference; lastKnownFileType = wrapper.framework; name = AudioToolbox.framework; path = System/Library/Frameworks/AudioToolbox.framework; sourceTree = SDKROOT; };
		D6B0611A1803AB670077942B /* CoreMotion.framework */ = {isa = PBXFileReference; lastKnownFileType = wrapper.framework; name = CoreMotion.framework; path = Platforms/iPhoneOS.platform/Developer/SDKs/iPhoneOS7.0.sdk/System/Library/Frameworks/CoreMotion.framework; sourceTree = DEVELOPER_DIR; };
		ED545A7B1B68A1F400C3958E /* libiconv.dylib */ = {isa = PBXFileReference; lastKnownFileType = "compiled.mach-o.dylib"; name = libiconv.dylib; path = Platforms/iPhoneOS.platform/Developer/SDKs/iPhoneOS8.4.sdk/usr/lib/libiconv.dylib; sourceTree = DEVELOPER_DIR; };
		ED545A7D1B68A1FA00C3958E /* libiconv.dylib */ = {isa = PBXFileReference; lastKnownFileType = "compiled.mach-o.dylib"; name = libiconv.dylib; path = usr/lib/libiconv.dylib; sourceTree = SDKROOT; };
/* End PBXFileReference section */

/* Begin PBXFrameworksBuildPhase section */
		1D60588F0D05DD3D006BFB54 /* Frameworks */ = {
			isa = PBXFrameworksBuildPhase;
			buildActionMask = 2147483647;
			files = (
				ED545A7C1B68A1F400C3958E /* libiconv.dylib in Frameworks */,
				52B47A471A53D09C004E4C60 /* Security.framework in Frameworks */,
				D6B0611B1803AB670077942B /* CoreMotion.framework in Frameworks */,
				1D60589F0D05DD5A006BFB54 /* Foundation.framework in Frameworks */,
				1DF5F4E00D08C38300B7A737 /* UIKit.framework in Frameworks */,
				288765A50DF7441C002DB57D /* CoreGraphics.framework in Frameworks */,
				BF171245129291EC00B8313A /* OpenGLES.framework in Frameworks */,
				BF1712471292920000B8313A /* libz.dylib in Frameworks */,
				BF1C47F01293687400B63C5D /* QuartzCore.framework in Frameworks */,
				83E48B111C78CE1C005D13EE /* GameKit.framework in Frameworks */,
				D44C620C132DFF330009C878 /* OpenAL.framework in Frameworks */,
				D44C620E132DFF430009C878 /* AVFoundation.framework in Frameworks */,
				D44C6210132DFF4E0009C878 /* AudioToolbox.framework in Frameworks */,
				67264650BD08F5A9E8B7ED1D /* libcocos2d iOS.a in Frameworks */,
			);
			runOnlyForDeploymentPostprocessing = 0;
		};
		5087E75C17EB910900C73F5D /* Frameworks */ = {
			isa = PBXFrameworksBuildPhase;
			buildActionMask = 2147483647;
			files = (
				ED545A7E1B68A1FA00C3958E /* libiconv.dylib in Frameworks */,
				5087E76717EB910900C73F5D /* libz.dylib in Frameworks */,
				8262943E1AAF051F00CB7CF7 /* Security.framework in Frameworks */,
				503AE11B17EB9C5A00D1A890 /* IOKit.framework in Frameworks */,
				5087E78B17EB975400C73F5D /* OpenGL.framework in Frameworks */,
				5087E78917EB974C00C73F5D /* AppKit.framework in Frameworks */,
				5087E76317EB910900C73F5D /* Foundation.framework in Frameworks */,
				5087E76817EB910900C73F5D /* QuartzCore.framework in Frameworks */,
				5087E76917EB910900C73F5D /* OpenAL.framework in Frameworks */,
				5087E76A17EB910900C73F5D /* AVFoundation.framework in Frameworks */,
				5087E76B17EB910900C73F5D /* AudioToolbox.framework in Frameworks */,
				2D8E4310A2E154128CD9AB6F /* libcocos2d Mac.a in Frameworks */,
			);
			runOnlyForDeploymentPostprocessing = 0;
		};
/* End PBXFrameworksBuildPhase section */

/* Begin PBXGroup section */
		080E96DDFE201D6D7F000001 /* ios */ = {
			isa = PBXGroup;
			children = (
				83E48B181C78DB86005D13EE /* GameKitHelper */,
				5087E77117EB970100C73F5D /* Icons */,
				503AE0FA17EB989F00D1A890 /* AppController.h */,
				503AE0FB17EB989F00D1A890 /* AppController.mm */,
				503AE0FC17EB989F00D1A890 /* main.m */,
				503AE0FD17EB989F00D1A890 /* Prefix.pch */,
				503AE0FE17EB989F00D1A890 /* RootViewController.h */,
				503AE0FF17EB989F00D1A890 /* RootViewController.mm */,
				831BE38B1C8878C70089241E /* Bridge.mm */,
			);
			name = ios;
			path = Classes;
			sourceTree = "<group>";
		};
		19C28FACFE9D520D11CA2CBB /* Products */ = {
			isa = PBXGroup;
			children = (
				1D6058910D05DD3D006BFB54 /* CardGame-mobile.app */,
				5087E76F17EB910900C73F5D /* CardGame-desktop.app */,
			);
			name = Products;
			sourceTree = "<group>";
		};
		29B97314FDCFA39411CA2CEA /* CustomTemplate */ = {
			isa = PBXGroup;
			children = (
				46880B8319C43A87006E1F66 /* Classes */,
				46880B7519C43A67006E1F66 /* Resources */,
				29B97323FDCFA39411CA2CEA /* Frameworks */,
				080E96DDFE201D6D7F000001 /* ios */,
				503AE10617EB990700D1A890 /* mac */,
				19C28FACFE9D520D11CA2CBB /* Products */,
				B80C4D17930725E9FD8729D1 /* ios-libs */,
				9FB840E18B0F8082A4A0AB3A /* mac-libs */,
			);
			name = CustomTemplate;
			sourceTree = "<group>";
		};
		29B97323FDCFA39411CA2CEA /* Frameworks */ = {
			isa = PBXGroup;
			children = (
				83E48B101C78CE1C005D13EE /* GameKit.framework */,
				ED545A7D1B68A1FA00C3958E /* libiconv.dylib */,
				ED545A7B1B68A1F400C3958E /* libiconv.dylib */,
				8262943D1AAF051F00CB7CF7 /* Security.framework */,
				52B47A461A53D09B004E4C60 /* Security.framework */,
				D6B0611A1803AB670077942B /* CoreMotion.framework */,
				503AE11A17EB9C5A00D1A890 /* IOKit.framework */,
				503AE11117EB99EE00D1A890 /* libcurl.dylib */,
				5087E78A17EB975400C73F5D /* OpenGL.framework */,
				5087E78817EB974C00C73F5D /* AppKit.framework */,
				1ACB3243164770DE00914215 /* libcurl.a */,
				BF170DB412928DE900B8313A /* libz.dylib */,
				D44C620F132DFF4E0009C878 /* AudioToolbox.framework */,
				D44C620D132DFF430009C878 /* AVFoundation.framework */,
				288765A40DF7441C002DB57D /* CoreGraphics.framework */,
				1D30AB110D05D00D00671497 /* Foundation.framework */,
				D44C620B132DFF330009C878 /* OpenAL.framework */,
				BF170DB012928DE900B8313A /* OpenGLES.framework */,
				BF1C47EA1293683800B63C5D /* QuartzCore.framework */,
				1DF5F4DF0D08C38300B7A737 /* UIKit.framework */,
			);
			name = Frameworks;
			sourceTree = "<group>";
		};
		46880B7519C43A67006E1F66 /* Resources */ = {
			isa = PBXGroup;
			children = (
				01F741B993AED8B544209AD5 /* res */,
			);
			name = Resources;
			path = ../Resources;
			sourceTree = "<group>";
		};
		46880B8319C43A87006E1F66 /* Classes */ = {
			isa = PBXGroup;
			children = (
				834E87001C93EFF300B508BB /* MainGameSegment */,
				838CFD0C1C8DBE510054EAD0 /* Helper */,
				831BE3871C8877A10089241E /* Network */,
				83C9BC8E1C85FBE800E4AFC7 /* Handlers */,
				830668CF1C834DD900FF05D8 /* Scenes */,
				830668CE1C834DCD00FF05D8 /* GameElements */,
				830668CD1C834DB200FF05D8 /* Constants */,
				830668CC1C834DA700FF05D8 /* Events */,
				830668CB1C834D9F00FF05D8 /* Ext */,
				46880B8419C43A87006E1F66 /* AppDelegate.cpp */,
				46880B8519C43A87006E1F66 /* AppDelegate.h */,
			);
			name = Classes;
			path = ../Classes;
			sourceTree = "<group>";
		};
		503AE0F517EB97AB00D1A890 /* Icons */ = {
			isa = PBXGroup;
			children = (
				503AE0F617EB97AB00D1A890 /* Icon.icns */,
				503AE0F717EB97AB00D1A890 /* Info.plist */,
			);
			name = Icons;
			path = mac;
			sourceTree = SOURCE_ROOT;
		};
		503AE10617EB990700D1A890 /* mac */ = {
			isa = PBXGroup;
			children = (
				503AE0F517EB97AB00D1A890 /* Icons */,
				503AE10317EB98FF00D1A890 /* main.cpp */,
				503AE10417EB98FF00D1A890 /* Prefix.pch */,
			);
			name = mac;
			sourceTree = "<group>";
		};
		5087E77117EB970100C73F5D /* Icons */ = {
			isa = PBXGroup;
			children = (
				83D6C3001C9E5105006E46F6 /* Default-Landscape~ipad.png */,
				83D6C3011C9E5105006E46F6 /* Icon-87.png */,
				83D6C3021C9E5105006E46F6 /* Icon-180.png */,
				521A8E6219F0C34300D177D7 /* Default-667h@2x.png */,
				521A8E6319F0C34300D177D7 /* Default-736h@3x.png */,
				5087E77217EB970100C73F5D /* Default-568h@2x.png */,
				5087E77317EB970100C73F5D /* Default.png */,
				5087E77417EB970100C73F5D /* Default@2x.png */,
				50EF62A017ECD613001EB2F8 /* Icon-29.png */,
				50EF62A117ECD613001EB2F8 /* Icon-50.png */,
				50EF629217ECD46A001EB2F8 /* Icon-40.png */,
				50EF629317ECD46A001EB2F8 /* Icon-58.png */,
				50EF629417ECD46A001EB2F8 /* Icon-80.png */,
				50EF629517ECD46A001EB2F8 /* Icon-100.png */,
				5087E77517EB970100C73F5D /* Icon-114.png */,
				5087E77617EB970100C73F5D /* Icon-120.png */,
				5087E77717EB970100C73F5D /* Icon-144.png */,
				5087E77817EB970100C73F5D /* Icon-152.png */,
				5087E77917EB970100C73F5D /* Icon-57.png */,
				5087E77A17EB970100C73F5D /* Icon-72.png */,
				5087E77B17EB970100C73F5D /* Icon-76.png */,
				5087E77C17EB970100C73F5D /* Info.plist */,
			);
			name = Icons;
			path = ios;
			sourceTree = SOURCE_ROOT;
		};
		830668CB1C834D9F00FF05D8 /* Ext */ = {
			isa = PBXGroup;
			children = (
				830668E51C834E1000FF05D8 /* ExtSprite.cpp */,
				830668E61C834E1000FF05D8 /* ExtSprite.h */,
				83C9BC8B1C85F37F00E4AFC7 /* ExtLayer.mm */,
				83C9BC8C1C85F37F00E4AFC7 /* ExtLayer.h */,
			);
			name = Ext;
			sourceTree = "<group>";
		};
		830668CC1C834DA700FF05D8 /* Events */ = {
			isa = PBXGroup;
			children = (
				83D92EE41C89C2880044EE19 /* NetworkEvent.cpp */,
				83D92EE51C89C2880044EE19 /* NetworkEvent.h */,
			);
			name = Events;
			sourceTree = "<group>";
		};
		830668CD1C834DB200FF05D8 /* Constants */ = {
			isa = PBXGroup;
			children = (
				830668E21C834E0600FF05D8 /* GameConstants.cpp */,
				830668E31C834E0600FF05D8 /* GameConstants.h */,
				83C9BC881C85D92A00E4AFC7 /* CardConfig.cpp */,
				83C9BC891C85D92A00E4AFC7 /* CardConfig.h */,
			);
			name = Constants;
			sourceTree = "<group>";
		};
		830668CE1C834DCD00FF05D8 /* GameElements */ = {
			isa = PBXGroup;
			children = (
				830668D91C834DFD00FF05D8 /* Card.cpp */,
				830668DA1C834DFD00FF05D8 /* Card.h */,
				830668DB1C834DFD00FF05D8 /* Dealer.cpp */,
				830668DC1C834DFD00FF05D8 /* Dealer.h */,
				830668DD1C834DFD00FF05D8 /* Player.h */,
				830668DE1C834DFD00FF05D8 /* Player.cpp */,
			);
			name = GameElements;
			sourceTree = "<group>";
		};
		830668CF1C834DD900FF05D8 /* Scenes */ = {
			isa = PBXGroup;
			children = (
				830668D01C834DF300FF05D8 /* MainGame.mm */,
				830668D11C834DF300FF05D8 /* MainGame.h */,
				830668D21C834DF300FF05D8 /* MainScreen.cpp */,
				830668D31C834DF300FF05D8 /* MainScreen.h */,
				830668D41C834DF300FF05D8 /* MenuScreen.mm */,
				830668D51C834DF300FF05D8 /* MenuScreen.h */,
			);
			name = Scenes;
			sourceTree = "<group>";
		};
		831BE3871C8877A10089241E /* Network */ = {
			isa = PBXGroup;
			children = (
				83E1C0651C8AD85E00EE13DE /* Network.h */,
				83E1C0661C8AD85E00EE13DE /* Network.cpp */,
				831BE38E1C88B7D40089241E /* NetworkConstants.h */,
				838CC6D51C8C7285001D20AD /* NetworkConstants.cpp */,
				83A52D831C8E06040097FA24 /* API.mm */,
				83A52D841C8E06040097FA24 /* API.h */,
			);
			name = Network;
			sourceTree = "<group>";
		};
		834E87001C93EFF300B508BB /* MainGameSegment */ = {
			isa = PBXGroup;
			children = (
				834E87081C93FBFF00B508BB /* OnReceiveNetworkData.mm */,
				834E87091C93FBFF00B508BB /* ProcessData.mm */,
				834E870D1C93FC1400B508BB /* DispatchHostId.mm */,
				834E870F1C93FC2C00B508BB /* DispatchCardsData.mm */,
				834E87111C93FD9700B508BB /* OnHostSelected.mm */,
				834E87131C93FDD600B508BB /* OnAPISuccess.mm */,
				834E87151C94038E00B508BB /* OnRoundComplete.mm */,
				834E87171C9406C500B508BB /* OnRoundResult.mm */,
				834E87191C9422BB00B508BB /* DispatchNextRound.mm */,
				834E871B1C946BB300B508BB /* DispatchRoundComplete.mm */,
				8327F6921C9890A400A6BD9B /* OnReceiveCardsData.mm */,
				836333D51C9B34730033D54F /* OnStartRound.mm */,
			);
			name = MainGameSegment;
			sourceTree = "<group>";
		};
		838CFD0C1C8DBE510054EAD0 /* Helper */ = {
			isa = PBXGroup;
			children = (
				838CFD0D1C8DBE750054EAD0 /* Utility.cpp */,
				838CFD0E1C8DBE750054EAD0 /* Utility.h */,
			);
			name = Helper;
			sourceTree = "<group>";
		};
		83C9BC8E1C85FBE800E4AFC7 /* Handlers */ = {
			isa = PBXGroup;
			children = (
				83C9BC8F1C85FC0400E4AFC7 /* CardSelectionHandler.cpp */,
				83C9BC901C85FC0400E4AFC7 /* CardSelectionHandler.h */,
				838CFD101C8DBF180054EAD0 /* RoundHandler.cpp */,
				838CFD111C8DBF180054EAD0 /* RoundHandler.h */,
				83A52D801C8E05B40097FA24 /* APIHandler.mm */,
				83A52D811C8E05B40097FA24 /* APIHandler.h */,
				83F167B21C9EA6E700F3DC43 /* ReelHandler.cpp */,
				83F167B31C9EA6E700F3DC43 /* ReelHandler.h */,
			);
			name = Handlers;
			sourceTree = "<group>";
		};
		83E48B181C78DB86005D13EE /* GameKitHelper */ = {
			isa = PBXGroup;
			children = (
				83E48B191C78DB9F005D13EE /* GameKitHelper.h */,
				83E48B1A1C78DB9F005D13EE /* GameKitHelper.m */,
			);
			name = GameKitHelper;
			sourceTree = "<group>";
		};
		9FB840E18B0F8082A4A0AB3A /* mac-libs */ = {
			isa = PBXGroup;
			children = (
				51554DA9A2FA70F46AF9E679 /* libcocos2d Mac.a */,
			);
			name = "mac-libs";
			sourceTree = "<group>";
		};
		B80C4D17930725E9FD8729D1 /* ios-libs */ = {
			isa = PBXGroup;
			children = (
				5D65417CAF89D7ADE4119FEC /* libcocos2d iOS.a */,
			);
			name = "ios-libs";
			sourceTree = "<group>";
		};
/* End PBXGroup section */

/* Begin PBXNativeTarget section */
		1D6058900D05DD3D006BFB54 /* CardGame-mobile */ = {
			isa = PBXNativeTarget;
			buildConfigurationList = 1D6058960D05DD3E006BFB54 /* Build configuration list for PBXNativeTarget "CardGame-mobile" */;
			buildPhases = (
				1D60588D0D05DD3D006BFB54 /* Resources */,
				1D60588E0D05DD3D006BFB54 /* Sources */,
				1D60588F0D05DD3D006BFB54 /* Frameworks */,
			);
			buildRules = (
			);
			dependencies = (
			);
			name = "CardGame-mobile";
			productName = iphone;
			productReference = 1D6058910D05DD3D006BFB54 /* CardGame-mobile.app */;
			productType = "com.apple.product-type.application";
		};
		5087E73D17EB910900C73F5D /* CardGame-desktop */ = {
			isa = PBXNativeTarget;
			buildConfigurationList = 5087E76C17EB910900C73F5D /* Build configuration list for PBXNativeTarget "CardGame-desktop" */;
			buildPhases = (
				5087E74817EB910900C73F5D /* Resources */,
				5087E75617EB910900C73F5D /* Sources */,
				5087E75C17EB910900C73F5D /* Frameworks */,
			);
			buildRules = (
			);
			dependencies = (
			);
			name = "CardGame-desktop";
			productName = iphone;
			productReference = 5087E76F17EB910900C73F5D /* CardGame-desktop.app */;
			productType = "com.apple.product-type.application";
		};
/* End PBXNativeTarget section */

/* Begin PBXProject section */
		29B97313FDCFA39411CA2CEA /* Project object */ = {
			isa = PBXProject;
			attributes = {
				LastUpgradeCheck = 0710;
				TargetAttributes = {
					1D6058900D05DD3D006BFB54 = {
						DevelopmentTeam = Q3EWS4J99N;
						SystemCapabilities = {
							com.apple.GameCenter = {
								enabled = 1;
							};
						};
					};
				};
			};
			buildConfigurationList = C01FCF4E08A954540054247B /* Build configuration list for PBXProject "CardGame" */;
			compatibilityVersion = "Xcode 3.2";
			developmentRegion = English;
			hasScannedForEncodings = 1;
			knownRegions = (
				English,
				Japanese,
				French,
				German,
			);
			mainGroup = 29B97314FDCFA39411CA2CEA /* CustomTemplate */;
			projectDirPath = "";
			projectRoot = "";
			targets = (
				1D6058900D05DD3D006BFB54 /* CardGame-mobile */,
				5087E73D17EB910900C73F5D /* CardGame-desktop */,
			);
		};
/* End PBXProject section */

/* Begin PBXResourcesBuildPhase section */
		1D60588D0D05DD3D006BFB54 /* Resources */ = {
			isa = PBXResourcesBuildPhase;
			buildActionMask = 2147483647;
			files = (
				5087E78117EB970100C73F5D /* Icon-120.png in Resources */,
				5087E78617EB970100C73F5D /* Icon-76.png in Resources */,
				83D6C3051C9E5105006E46F6 /* Icon-180.png in Resources */,
				5087E77F17EB970100C73F5D /* Default@2x.png in Resources */,
				50EF629917ECD46A001EB2F8 /* Icon-100.png in Resources */,
				5087E78317EB970100C73F5D /* Icon-152.png in Resources */,
				5087E77D17EB970100C73F5D /* Default-568h@2x.png in Resources */,
				5087E78517EB970100C73F5D /* Icon-72.png in Resources */,
				521A8E6519F0C34300D177D7 /* Default-736h@3x.png in Resources */,
				50EF62A317ECD613001EB2F8 /* Icon-50.png in Resources */,
				5087E78017EB970100C73F5D /* Icon-114.png in Resources */,
				50EF62A217ECD613001EB2F8 /* Icon-29.png in Resources */,
				50EF629617ECD46A001EB2F8 /* Icon-40.png in Resources */,
				5087E78217EB970100C73F5D /* Icon-144.png in Resources */,
				50EF629817ECD46A001EB2F8 /* Icon-80.png in Resources */,
				83D6C3041C9E5105006E46F6 /* Icon-87.png in Resources */,
				83D6C3031C9E5105006E46F6 /* Default-Landscape~ipad.png in Resources */,
				5087E78417EB970100C73F5D /* Icon-57.png in Resources */,
				5087E77E17EB970100C73F5D /* Default.png in Resources */,
				521A8E6419F0C34300D177D7 /* Default-667h@2x.png in Resources */,
				50EF629717ECD46A001EB2F8 /* Icon-58.png in Resources */,
				1BA14E61BFBE7D2B1AD88962 /* res in Resources */,
			);
			runOnlyForDeploymentPostprocessing = 0;
		};
		5087E74817EB910900C73F5D /* Resources */ = {
			isa = PBXResourcesBuildPhase;
			buildActionMask = 2147483647;
			files = (
				503AE0F817EB97AB00D1A890 /* Icon.icns in Resources */,
				6CC743B7AEC6C4A1F5FEC304 /* res in Resources */,
			);
			runOnlyForDeploymentPostprocessing = 0;
		};
/* End PBXResourcesBuildPhase section */

/* Begin PBXSourcesBuildPhase section */
		1D60588E0D05DD3D006BFB54 /* Sources */ = {
			isa = PBXSourcesBuildPhase;
			buildActionMask = 2147483647;
			files = (
				836333D61C9B34730033D54F /* OnStartRound.mm in Sources */,
				838CFD0F1C8DBE750054EAD0 /* Utility.cpp in Sources */,
				830668DF1C834DFD00FF05D8 /* Card.cpp in Sources */,
				834E870E1C93FC1400B508BB /* DispatchHostId.mm in Sources */,
				83A52D821C8E05B40097FA24 /* APIHandler.mm in Sources */,
				830668D61C834DF300FF05D8 /* MainGame.mm in Sources */,
				830668E01C834DFD00FF05D8 /* Dealer.cpp in Sources */,
				830668E71C834E1000FF05D8 /* ExtSprite.cpp in Sources */,
				838CFD121C8DBF180054EAD0 /* RoundHandler.cpp in Sources */,
				834E870B1C93FBFF00B508BB /* OnReceiveNetworkData.mm in Sources */,
				83E48B1B1C78DB9F005D13EE /* GameKitHelper.m in Sources */,
				834E87161C94038E00B508BB /* OnRoundComplete.mm in Sources */,
				83C9BC8A1C85D92A00E4AFC7 /* CardConfig.cpp in Sources */,
				83F167B41C9EA6E700F3DC43 /* ReelHandler.cpp in Sources */,
				46880B8819C43A87006E1F66 /* AppDelegate.cpp in Sources */,
				834E871C1C946BB300B508BB /* DispatchRoundComplete.mm in Sources */,
				834E87181C9406C500B508BB /* OnRoundResult.mm in Sources */,
				834E870C1C93FBFF00B508BB /* ProcessData.mm in Sources */,
				83C9BC911C85FC0400E4AFC7 /* CardSelectionHandler.cpp in Sources */,
				838CC6D61C8C7285001D20AD /* NetworkConstants.cpp in Sources */,
				830668E41C834E0600FF05D8 /* GameConstants.cpp in Sources */,
				831BE38C1C8878C70089241E /* Bridge.mm in Sources */,
				830668E11C834DFD00FF05D8 /* Player.cpp in Sources */,
				834E871A1C9422BB00B508BB /* DispatchNextRound.mm in Sources */,
				830668D71C834DF300FF05D8 /* MainScreen.cpp in Sources */,
				83C9BC8D1C85F37F00E4AFC7 /* ExtLayer.mm in Sources */,
				834E87121C93FD9700B508BB /* OnHostSelected.mm in Sources */,
				834E87141C93FDD600B508BB /* OnAPISuccess.mm in Sources */,
				830668D81C834DF300FF05D8 /* MenuScreen.mm in Sources */,
				83A52D851C8E06040097FA24 /* API.mm in Sources */,
				503AE10017EB989F00D1A890 /* AppController.mm in Sources */,
				503AE10217EB989F00D1A890 /* RootViewController.mm in Sources */,
				834E87101C93FC2C00B508BB /* DispatchCardsData.mm in Sources */,
				83D92EE61C89C2880044EE19 /* NetworkEvent.cpp in Sources */,
				8327F6931C9890A400A6BD9B /* OnReceiveCardsData.mm in Sources */,
				503AE10117EB989F00D1A890 /* main.m in Sources */,
				83E1C0671C8AD85E00EE13DE /* Network.cpp in Sources */,
			);
			runOnlyForDeploymentPostprocessing = 0;
		};
		5087E75617EB910900C73F5D /* Sources */ = {
			isa = PBXSourcesBuildPhase;
			buildActionMask = 2147483647;
			files = (
				46880B8919C43A87006E1F66 /* AppDelegate.cpp in Sources */,
				503AE10517EB98FF00D1A890 /* main.cpp in Sources */,
			);
			runOnlyForDeploymentPostprocessing = 0;
		};
/* End PBXSourcesBuildPhase section */

/* Begin XCBuildConfiguration section */
		1D6058940D05DD3E006BFB54 /* Debug */ = {
			isa = XCBuildConfiguration;
			buildSettings = {
				ALWAYS_SEARCH_USER_PATHS = YES;
				CODE_SIGN_IDENTITY = "iPhone Developer";
				"CODE_SIGN_IDENTITY[sdk=iphoneos*]" = "iPhone Developer";
				COMPRESS_PNG_FILES = NO;
				ENABLE_BITCODE = NO;
				GCC_DYNAMIC_NO_PIC = NO;
				GCC_INLINES_ARE_PRIVATE_EXTERN = NO;
				GCC_PRECOMPILE_PREFIX_HEADER = YES;
				GCC_PREFIX_HEADER = ios/Prefix.pch;
				GCC_PREPROCESSOR_DEFINITIONS = (
					USE_FILE32API,
					CC_TARGET_OS_IPHONE,
					"COCOS2D_DEBUG=1",
					"CC_ENABLE_CHIPMUNK_INTEGRATION=1",
				);
				GCC_SYMBOLS_PRIVATE_EXTERN = NO;
				HEADER_SEARCH_PATHS = (
					"$(inherited)",
					"/Applications/Cocos/Cocos2d-x/cocos2d-x-3.10/cocos/platform/ios",
					"/Applications/Cocos/Cocos2d-x/cocos2d-x-3.10/cocos/platform/ios/Simulation",
				);
				INFOPLIST_FILE = ios/Info.plist;
				IPHONEOS_DEPLOYMENT_TARGET = 6.0;
				LIBRARY_SEARCH_PATHS = " /Applications/Cocos/Cocos2d-x/cocos2d-x-3.10/prebuilt/ios";
				OTHER_LDFLAGS = (
					"$(_COCOS_LIB_IOS_BEGIN)",
					"$(_COCOS_LIB_IOS_END)",
				);
				PRODUCT_BUNDLE_IDENTIFIER = com.sillyatomgames.traincardgame;
				PROVISIONING_PROFILE = "";
				SDKROOT = iphoneos;
				TARGETED_DEVICE_FAMILY = "1,2";
				USER_HEADER_SEARCH_PATHS = "$(_COCOS_HEADER_IOS_BEGIN) $(_COCOS_HEADER_IOS_END)";
				VALID_ARCHS = "arm64 armv7";
			};
			name = Debug;
		};
		1D6058950D05DD3E006BFB54 /* Release */ = {
			isa = XCBuildConfiguration;
			buildSettings = {
				ALWAYS_SEARCH_USER_PATHS = YES;
				CODE_SIGN_IDENTITY = "iPhone Developer";
				"CODE_SIGN_IDENTITY[sdk=iphoneos*]" = "iPhone Developer";
				COMPRESS_PNG_FILES = NO;
				ENABLE_BITCODE = NO;
				GCC_INLINES_ARE_PRIVATE_EXTERN = NO;
				GCC_PRECOMPILE_PREFIX_HEADER = YES;
				GCC_PREFIX_HEADER = ios/Prefix.pch;
				GCC_PREPROCESSOR_DEFINITIONS = (
					USE_FILE32API,
					CC_TARGET_OS_IPHONE,
					"CC_ENABLE_CHIPMUNK_INTEGRATION=1",
				);
				GCC_SYMBOLS_PRIVATE_EXTERN = NO;
				HEADER_SEARCH_PATHS = (
					"$(inherited)",
					"/Applications/Cocos/Cocos2d-x/cocos2d-x-3.10/cocos/platform/ios",
					"/Applications/Cocos/Cocos2d-x/cocos2d-x-3.10/cocos/platform/ios/Simulation",
				);
				INFOPLIST_FILE = ios/Info.plist;
				IPHONEOS_DEPLOYMENT_TARGET = 6.0;
				LIBRARY_SEARCH_PATHS = " /Applications/Cocos/Cocos2d-x/cocos2d-x-3.10/prebuilt/ios";
				OTHER_LDFLAGS = (
					"$(_COCOS_LIB_IOS_BEGIN)",
					"$(_COCOS_LIB_IOS_END)",
				);
				PRODUCT_BUNDLE_IDENTIFIER = com.sillyatomgames.traincardgame;
				PROVISIONING_PROFILE = "";
				SDKROOT = iphoneos;
				TARGETED_DEVICE_FAMILY = "1,2";
				USER_HEADER_SEARCH_PATHS = "$(_COCOS_HEADER_IOS_BEGIN) $(_COCOS_HEADER_IOS_END)";
				VALID_ARCHS = "arm64 armv7";
			};
			name = Release;
		};
		5087E76D17EB910900C73F5D /* Debug */ = {
			isa = XCBuildConfiguration;
			buildSettings = {
				ALWAYS_SEARCH_USER_PATHS = YES;
				CLANG_CXX_LANGUAGE_STANDARD = "c++0x";
				CLANG_CXX_LIBRARY = "libc++";
				COMBINE_HIDPI_IMAGES = YES;
				GCC_DYNAMIC_NO_PIC = NO;
				GCC_INLINES_ARE_PRIVATE_EXTERN = NO;
				GCC_PRECOMPILE_PREFIX_HEADER = YES;
				GCC_PREFIX_HEADER = mac/Prefix.pch;
				GCC_PREPROCESSOR_DEFINITIONS = (
					USE_FILE32API,
					CC_TARGET_OS_MAC,
					"COCOS2D_DEBUG=1",
					"CC_ENABLE_CHIPMUNK_INTEGRATION=1",
				);
				GCC_SYMBOLS_PRIVATE_EXTERN = NO;
				HEADER_SEARCH_PATHS = (
					"$(inherited)",
					"/Applications/Cocos/Cocos2d-x/cocos2d-x-3.10/cocos/platform/mac",
					"/Applications/Cocos/Cocos2d-x/cocos2d-x-3.10/external/glfw3/include/mac",
				);
				INFOPLIST_FILE = mac/Info.plist;
				LIBRARY_SEARCH_PATHS = " /Applications/Cocos/Cocos2d-x/cocos2d-x-3.10/prebuilt/mac";
				OTHER_LDFLAGS = (
					"$(_COCOS_LIB_MAC_BEGIN)",
					"$(_COCOS_LIB_MAC_END)",
				);
				PRODUCT_BUNDLE_IDENTIFIER = org.cocos2dx.CardGame;
				USER_HEADER_SEARCH_PATHS = "$(_COCOS_HEADER_MAC_BEGIN) $(_COCOS_HEADER_MAC_END)";
			};
			name = Debug;
		};
		5087E76E17EB910900C73F5D /* Release */ = {
			isa = XCBuildConfiguration;
			buildSettings = {
				ALWAYS_SEARCH_USER_PATHS = YES;
				CLANG_CXX_LANGUAGE_STANDARD = "c++0x";
				CLANG_CXX_LIBRARY = "libc++";
				COMBINE_HIDPI_IMAGES = YES;
				GCC_INLINES_ARE_PRIVATE_EXTERN = NO;
				GCC_PRECOMPILE_PREFIX_HEADER = YES;
				GCC_PREFIX_HEADER = mac/Prefix.pch;
				GCC_PREPROCESSOR_DEFINITIONS = (
					USE_FILE32API,
					CC_TARGET_OS_MAC,
					"CC_ENABLE_CHIPMUNK_INTEGRATION=1",
				);
				GCC_SYMBOLS_PRIVATE_EXTERN = NO;
				HEADER_SEARCH_PATHS = (
					"$(inherited)",
					"/Applications/Cocos/Cocos2d-x/cocos2d-x-3.10/cocos/platform/mac",
					"/Applications/Cocos/Cocos2d-x/cocos2d-x-3.10/external/glfw3/include/mac",
				);
				INFOPLIST_FILE = mac/Info.plist;
				LIBRARY_SEARCH_PATHS = " /Applications/Cocos/Cocos2d-x/cocos2d-x-3.10/prebuilt/mac";
				OTHER_LDFLAGS = (
					"$(_COCOS_LIB_MAC_BEGIN)",
					"$(_COCOS_LIB_MAC_END)",
				);
				PRODUCT_BUNDLE_IDENTIFIER = org.cocos2dx.CardGame;
				USER_HEADER_SEARCH_PATHS = "$(_COCOS_HEADER_MAC_BEGIN) $(_COCOS_HEADER_MAC_END)";
			};
			name = Release;
		};
		C01FCF4F08A954540054247B /* Debug */ = {
			isa = XCBuildConfiguration;
			buildSettings = {
				CLANG_CXX_LANGUAGE_STANDARD = "c++0x";
				CLANG_CXX_LIBRARY = "libc++";
				COPY_PHASE_STRIP = NO;
				ENABLE_TESTABILITY = YES;
				GCC_OPTIMIZATION_LEVEL = 0;
				GCC_PREPROCESSOR_DEFINITIONS = "";
				GCC_WARN_ABOUT_RETURN_TYPE = YES;
				GCC_WARN_UNUSED_VARIABLE = YES;
				HEADER_SEARCH_PATHS = (
					"/Applications/Cocos/Cocos2d-x/cocos2d-x-3.10",
					"/Applications/Cocos/Cocos2d-x/cocos2d-x-3.10/cocos",
					"/Applications/Cocos/Cocos2d-x/cocos2d-x-3.10/cocos/base",
					"/Applications/Cocos/Cocos2d-x/cocos2d-x-3.10/cocos/physics",
					"/Applications/Cocos/Cocos2d-x/cocos2d-x-3.10/cocos/math",
					"/Applications/Cocos/Cocos2d-x/cocos2d-x-3.10/cocos/2d",
					"/Applications/Cocos/Cocos2d-x/cocos2d-x-3.10/cocos/ui",
					"/Applications/Cocos/Cocos2d-x/cocos2d-x-3.10/cocos/network",
					"/Applications/Cocos/Cocos2d-x/cocos2d-x-3.10/cocos/audio/include",
					"/Applications/Cocos/Cocos2d-x/cocos2d-x-3.10/cocos/editor-support",
					"/Applications/Cocos/Cocos2d-x/cocos2d-x-3.10/extensions",
					"/Applications/Cocos/Cocos2d-x/cocos2d-x-3.10/external",
					"/Applications/Cocos/Cocos2d-x/cocos2d-x-3.10/external/chipmunk/include/chipmunk",
				);
				IPHONEOS_DEPLOYMENT_TARGET = 6.0;
				MACOSX_DEPLOYMENT_TARGET = 10.7;
				ONLY_ACTIVE_ARCH = YES;
				PRODUCT_NAME = "$(TARGET_NAME)";
				SDKROOT = macosx;
			};
			name = Debug;
		};
		C01FCF5008A954540054247B /* Release */ = {
			isa = XCBuildConfiguration;
			buildSettings = {
				CLANG_CXX_LANGUAGE_STANDARD = "c++0x";
				CLANG_CXX_LIBRARY = "libc++";
				GCC_WARN_ABOUT_RETURN_TYPE = YES;
				GCC_WARN_UNUSED_VARIABLE = YES;
				HEADER_SEARCH_PATHS = (
					"/Applications/Cocos/Cocos2d-x/cocos2d-x-3.10",
					"/Applications/Cocos/Cocos2d-x/cocos2d-x-3.10/cocos",
					"/Applications/Cocos/Cocos2d-x/cocos2d-x-3.10/cocos/base",
					"/Applications/Cocos/Cocos2d-x/cocos2d-x-3.10/cocos/physics",
					"/Applications/Cocos/Cocos2d-x/cocos2d-x-3.10/cocos/math",
					"/Applications/Cocos/Cocos2d-x/cocos2d-x-3.10/cocos/2d",
					"/Applications/Cocos/Cocos2d-x/cocos2d-x-3.10/cocos/ui",
					"/Applications/Cocos/Cocos2d-x/cocos2d-x-3.10/cocos/network",
					"/Applications/Cocos/Cocos2d-x/cocos2d-x-3.10/cocos/audio/include",
					"/Applications/Cocos/Cocos2d-x/cocos2d-x-3.10/cocos/editor-support",
					"/Applications/Cocos/Cocos2d-x/cocos2d-x-3.10/extensions",
					"/Applications/Cocos/Cocos2d-x/cocos2d-x-3.10/external",
					"/Applications/Cocos/Cocos2d-x/cocos2d-x-3.10/external/chipmunk/include/chipmunk",
				);
				IPHONEOS_DEPLOYMENT_TARGET = 6.0;
				MACOSX_DEPLOYMENT_TARGET = 10.7;
				OTHER_CFLAGS = "-DNS_BLOCK_ASSERTIONS=1";
				PRODUCT_NAME = "$(TARGET_NAME)";
				SDKROOT = macosx;
				VALIDATE_PRODUCT = YES;
			};
			name = Release;
		};
/* End XCBuildConfiguration section */

/* Begin XCConfigurationList section */
		1D6058960D05DD3E006BFB54 /* Build configuration list for PBXNativeTarget "CardGame-mobile" */ = {
			isa = XCConfigurationList;
			buildConfigurations = (
				1D6058940D05DD3E006BFB54 /* Debug */,
				1D6058950D05DD3E006BFB54 /* Release */,
			);
			defaultConfigurationIsVisible = 0;
			defaultConfigurationName = Debug;
		};
		5087E76C17EB910900C73F5D /* Build configuration list for PBXNativeTarget "CardGame-desktop" */ = {
			isa = XCConfigurationList;
			buildConfigurations = (
				5087E76D17EB910900C73F5D /* Debug */,
				5087E76E17EB910900C73F5D /* Release */,
			);
			defaultConfigurationIsVisible = 0;
			defaultConfigurationName = Debug;
		};
		C01FCF4E08A954540054247B /* Build configuration list for PBXProject "CardGame" */ = {
			isa = XCConfigurationList;
			buildConfigurations = (
				C01FCF4F08A954540054247B /* Debug */,
				C01FCF5008A954540054247B /* Release */,
			);
			defaultConfigurationIsVisible = 0;
			defaultConfigurationName = Debug;
		};
/* End XCConfigurationList section */
	};
	rootObject = 29B97313FDCFA39411CA2CEA /* Project object */;
}
