
Microsoft Visual Studio Solution File, Format Version 12.00
# Visual Studio 2015
Project("{FAE04EC0-301F-11D3-BF4B-00C04F79EFBC}") = "TrainCardGame_iOS.CSharp.Plugins", "TrainCardGame_iOS.CSharp.Plugins.csproj", "{6C7EA67C-7A3A-FB10-ED64-0599F1D37F2C}"
EndProject
Project("{FAE04EC0-301F-11D3-BF4B-00C04F79EFBC}") = "TrainCardGame_iOS.CSharp", "TrainCardGame_iOS.CSharp.csproj", "{4464C30F-F7C8-7DF9-8591-CAC9879D3492}"
EndProject
Project("{FAE04EC0-301F-11D3-BF4B-00C04F79EFBC}") = "TrainCardGame_iOS.CSharp.Editor", "TrainCardGame_iOS.CSharp.Editor.csproj", "{611DB54E-DF57-2009-CFCC-83A95A36D98A}"
EndProject
Global
	GlobalSection(SolutionConfigurationPlatforms) = preSolution
		Debug|Any CPU = Debug|Any CPU
		Release|Any CPU = Release|Any CPU
	EndGlobalSection
	GlobalSection(ProjectConfigurationPlatforms) = postSolution
		{6C7EA67C-7A3A-FB10-ED64-0599F1D37F2C}.Debug|Any CPU.ActiveCfg = Debug|Any CPU
		{6C7EA67C-7A3A-FB10-ED64-0599F1D37F2C}.Debug|Any CPU.Build.0 = Debug|Any CPU
		{6C7EA67C-7A3A-FB10-ED64-0599F1D37F2C}.Release|Any CPU.ActiveCfg = Release|Any CPU
		{6C7EA67C-7A3A-FB10-ED64-0599F1D37F2C}.Release|Any CPU.Build.0 = Release|Any CPU
		{4464C30F-F7C8-7DF9-8591-CAC9879D3492}.Debug|Any CPU.ActiveCfg = Debug|Any CPU
		{4464C30F-F7C8-7DF9-8591-CAC9879D3492}.Debug|Any CPU.Build.0 = Debug|Any CPU
		{4464C30F-F7C8-7DF9-8591-CAC9879D3492}.Release|Any CPU.ActiveCfg = Release|Any CPU
		{4464C30F-F7C8-7DF9-8591-CAC9879D3492}.Release|Any CPU.Build.0 = Release|Any CPU
		{611DB54E-DF57-2009-CFCC-83A95A36D98A}.Debug|Any CPU.ActiveCfg = Debug|Any CPU
		{611DB54E-DF57-2009-CFCC-83A95A36D98A}.Debug|Any CPU.Build.0 = Debug|Any CPU
		{611DB54E-DF57-2009-CFCC-83A95A36D98A}.Release|Any CPU.ActiveCfg = Release|Any CPU
		{611DB54E-DF57-2009-CFCC-83A95A36D98A}.Release|Any CPU.Build.0 = Release|Any CPU
	EndGlobalSection
	GlobalSection(SolutionProperties) = preSolution
		HideSolutionNode = FALSE
	EndGlobalSection
EndGlobal
